
Microsoft Visual Studio Solution File, Format Version 12.00
# Visual Studio Version 16
VisualStudioVersion = 16.0.32228.343
MinimumVisualStudioVersion = 10.0.40219.1
Project("{2150E333-8FDC-42A3-9474-1A3956D46DE8}") = "Sample", "Sample", "{050C0B72-7CBB-43E3-8CE6-BA91DF8E55C2}"
EndProject
Project("{FAE04EC0-301F-11D3-BF4B-00C04F79EFBC}") = "ConsoleApp0411", "Sample\ConsoleApp0411\ConsoleApp0411.csproj", "{3E6AF34D-6AF3-4BD0-B7A7-44E28B754419}"
EndProject
Project("{FAE04EC0-301F-11D3-BF4B-00C04F79EFBC}") = "WindowsFormsApp1", "Sample\WindowsFormsApp1\WindowsFormsApp1.csproj", "{75AD8706-9D5B-476F-8957-3DA2E2A49DB9}"
EndProject
Project("{FAE04EC0-301F-11D3-BF4B-00C04F79EFBC}") = "BallApp", "Sample\BallApp\BallApp.csproj", "{A09B6808-039C-4195-8C4F-E3EF9329A515}"
EndProject
Project("{2150E333-8FDC-42A3-9474-1A3956D46DE8}") = "Chapter01", "Chapter01", "{5AC7EB15-1C70-4BE0-8AC2-952233514D90}"
EndProject
Project("{FAE04EC0-301F-11D3-BF4B-00C04F79EFBC}") = "ProductSample", "Chapter01\Product\ProductSample.csproj", "{3F614C35-1979-401B-97D9-D3ADF728C079}"
EndProject
Project("{2150E333-8FDC-42A3-9474-1A3956D46DE8}") = "Chapter02", "Chapter02", "{37C2AF6E-EB75-45A5-A4EA-49C8B586DA5E}"
EndProject
Project("{2150E333-8FDC-42A3-9474-1A3956D46DE8}") = "距離換算プログラム", "距離換算プログラム", "{4B81C3D1-A860-4AC1-8193-FECECDDC38BB}"
EndProject
Project("{FAE04EC0-301F-11D3-BF4B-00C04F79EFBC}") = "DistanceConverter", "Chapter02\距離換算プログラム\DistanceConverter\DistanceConverter.csproj", "{5BD9D6C4-5150-47EE-A274-BAEE3DC8A388}"
EndProject
Project("{2150E333-8FDC-42A3-9474-1A3956D46DE8}") = "売り上げ集計プログラム", "売り上げ集計プログラム", "{162A201F-4447-443C-B904-B66F9DAC7484}"
EndProject
Project("{FAE04EC0-301F-11D3-BF4B-00C04F79EFBC}") = "SalesCalculator", "Chapter02\売り上げ集計プログラム\SalesCalculator\SalesCalculator.csproj", "{6E3C53B4-6F7F-4CF8-BCB2-21116776ABB9}"
EndProject
Project("{2150E333-8FDC-42A3-9474-1A3956D46DE8}") = "演習問題", "演習問題", "{5C6E90F2-7C6E-4C1F-8B26-0153212455DE}"
EndProject
Project("{FAE04EC0-301F-11D3-BF4B-00C04F79EFBC}") = "Exercise01", "Chapter02\演習問題\Exercise01\Exercise01.csproj", "{39211705-36F9-48BB-A285-8CE4F19AAF88}"
EndProject
Project("{FAE04EC0-301F-11D3-BF4B-00C04F79EFBC}") = "Exercise02", "Chapter02\演習問題\Exercise02\Exercise02.csproj", "{98154FD5-75E0-4A14-A70C-084CF18883A4}"
EndProject
Project("{FAE04EC0-301F-11D3-BF4B-00C04F79EFBC}") = "Exercise03", "Chapter02\演習問題\Exercise03\Exercise03.csproj", "{8A497FE5-325E-4398-A1D3-341148004E9D}"
EndProject
Project("{2150E333-8FDC-42A3-9474-1A3956D46DE8}") = "Chapter03", "Chapter03", "{EF8FB651-24C6-4883-A384-12CC2424E287}"
EndProject
Project("{FAE04EC0-301F-11D3-BF4B-00C04F79EFBC}") = "Section01", "Chapter03\Section01\Section01.csproj", "{A5B0D5AE-ACCE-4BF2-B102-6662899BCB3D}"
EndProject
Project("{FAE04EC0-301F-11D3-BF4B-00C04F79EFBC}") = "Section03", "Chapter03\Section03\Section03.csproj", "{79299B64-2338-4784-8FFE-B05EA18581F9}"
EndProject
Project("{FAE04EC0-301F-11D3-BF4B-00C04F79EFBC}") = "Section04", "Chapter03\Section04\Section04.csproj", "{5A0BF4D6-163B-4EB5-9910-63D734D497C4}"
EndProject
Project("{2150E333-8FDC-42A3-9474-1A3956D46DE8}") = "演習問題", "演習問題", "{A2C8E216-6369-4F98-859C-26D9A240EA29}"
EndProject
Project("{FAE04EC0-301F-11D3-BF4B-00C04F79EFBC}") = "Exercise01", "Chapter03\演習問題\Exercise01\Exercise01.csproj", "{C9627848-3BBA-4726-B38E-08CB410650D9}"
EndProject
Project("{FAE04EC0-301F-11D3-BF4B-00C04F79EFBC}") = "Exercise02", "Chapter03\演習問題\Exercise02\Exercise02.csproj", "{E38293D2-20FE-4017-968B-2760AC2C2BDA}"
EndProject
Global
	GlobalSection(SolutionConfigurationPlatforms) = preSolution
		Debug|Any CPU = Debug|Any CPU
		Release|Any CPU = Release|Any CPU
	EndGlobalSection
	GlobalSection(ProjectConfigurationPlatforms) = postSolution
		{3E6AF34D-6AF3-4BD0-B7A7-44E28B754419}.Debug|Any CPU.ActiveCfg = Debug|Any CPU
		{3E6AF34D-6AF3-4BD0-B7A7-44E28B754419}.Debug|Any CPU.Build.0 = Debug|Any CPU
		{3E6AF34D-6AF3-4BD0-B7A7-44E28B754419}.Release|Any CPU.ActiveCfg = Release|Any CPU
		{3E6AF34D-6AF3-4BD0-B7A7-44E28B754419}.Release|Any CPU.Build.0 = Release|Any CPU
		{75AD8706-9D5B-476F-8957-3DA2E2A49DB9}.Debug|Any CPU.ActiveCfg = Debug|Any CPU
		{75AD8706-9D5B-476F-8957-3DA2E2A49DB9}.Debug|Any CPU.Build.0 = Debug|Any CPU
		{75AD8706-9D5B-476F-8957-3DA2E2A49DB9}.Release|Any CPU.ActiveCfg = Release|Any CPU
		{75AD8706-9D5B-476F-8957-3DA2E2A49DB9}.Release|Any CPU.Build.0 = Release|Any CPU
		{A09B6808-039C-4195-8C4F-E3EF9329A515}.Debug|Any CPU.ActiveCfg = Debug|Any CPU
		{A09B6808-039C-4195-8C4F-E3EF9329A515}.Debug|Any CPU.Build.0 = Debug|Any CPU
		{A09B6808-039C-4195-8C4F-E3EF9329A515}.Release|Any CPU.ActiveCfg = Release|Any CPU
		{A09B6808-039C-4195-8C4F-E3EF9329A515}.Release|Any CPU.Build.0 = Release|Any CPU
		{3F614C35-1979-401B-97D9-D3ADF728C079}.Debug|Any CPU.ActiveCfg = Debug|Any CPU
		{3F614C35-1979-401B-97D9-D3ADF728C079}.Debug|Any CPU.Build.0 = Debug|Any CPU
		{3F614C35-1979-401B-97D9-D3ADF728C079}.Release|Any CPU.ActiveCfg = Release|Any CPU
		{3F614C35-1979-401B-97D9-D3ADF728C079}.Release|Any CPU.Build.0 = Release|Any CPU
		{5BD9D6C4-5150-47EE-A274-BAEE3DC8A388}.Debug|Any CPU.ActiveCfg = Debug|Any CPU
		{5BD9D6C4-5150-47EE-A274-BAEE3DC8A388}.Debug|Any CPU.Build.0 = Debug|Any CPU
		{5BD9D6C4-5150-47EE-A274-BAEE3DC8A388}.Release|Any CPU.ActiveCfg = Release|Any CPU
		{5BD9D6C4-5150-47EE-A274-BAEE3DC8A388}.Release|Any CPU.Build.0 = Release|Any CPU
		{6E3C53B4-6F7F-4CF8-BCB2-21116776ABB9}.Debug|Any CPU.ActiveCfg = Debug|Any CPU
		{6E3C53B4-6F7F-4CF8-BCB2-21116776ABB9}.Debug|Any CPU.Build.0 = Debug|Any CPU
		{6E3C53B4-6F7F-4CF8-BCB2-21116776ABB9}.Release|Any CPU.ActiveCfg = Release|Any CPU
		{6E3C53B4-6F7F-4CF8-BCB2-21116776ABB9}.Release|Any CPU.Build.0 = Release|Any CPU
		{39211705-36F9-48BB-A285-8CE4F19AAF88}.Debug|Any CPU.ActiveCfg = Debug|Any CPU
		{39211705-36F9-48BB-A285-8CE4F19AAF88}.Debug|Any CPU.Build.0 = Debug|Any CPU
		{39211705-36F9-48BB-A285-8CE4F19AAF88}.Release|Any CPU.ActiveCfg = Release|Any CPU
		{39211705-36F9-48BB-A285-8CE4F19AAF88}.Release|Any CPU.Build.0 = Release|Any CPU
		{98154FD5-75E0-4A14-A70C-084CF18883A4}.Debug|Any CPU.ActiveCfg = Debug|Any CPU
		{98154FD5-75E0-4A14-A70C-084CF18883A4}.Debug|Any CPU.Build.0 = Debug|Any CPU
		{98154FD5-75E0-4A14-A70C-084CF18883A4}.Release|Any CPU.ActiveCfg = Release|Any CPU
		{98154FD5-75E0-4A14-A70C-084CF18883A4}.Release|Any CPU.Build.0 = Release|Any CPU
		{8A497FE5-325E-4398-A1D3-341148004E9D}.Debug|Any CPU.ActiveCfg = Debug|Any CPU
		{8A497FE5-325E-4398-A1D3-341148004E9D}.Debug|Any CPU.Build.0 = Debug|Any CPU
		{8A497FE5-325E-4398-A1D3-341148004E9D}.Release|Any CPU.ActiveCfg = Release|Any CPU
		{8A497FE5-325E-4398-A1D3-341148004E9D}.Release|Any CPU.Build.0 = Release|Any CPU
		{A5B0D5AE-ACCE-4BF2-B102-6662899BCB3D}.Debug|Any CPU.ActiveCfg = Debug|Any CPU
		{A5B0D5AE-ACCE-4BF2-B102-6662899BCB3D}.Debug|Any CPU.Build.0 = Debug|Any CPU
		{A5B0D5AE-ACCE-4BF2-B102-6662899BCB3D}.Release|Any CPU.ActiveCfg = Release|Any CPU
		{A5B0D5AE-ACCE-4BF2-B102-6662899BCB3D}.Release|Any CPU.Build.0 = Release|Any CPU
		{79299B64-2338-4784-8FFE-B05EA18581F9}.Debug|Any CPU.ActiveCfg = Debug|Any CPU
		{79299B64-2338-4784-8FFE-B05EA18581F9}.Debug|Any CPU.Build.0 = Debug|Any CPU
		{79299B64-2338-4784-8FFE-B05EA18581F9}.Release|Any CPU.ActiveCfg = Release|Any CPU
		{79299B64-2338-4784-8FFE-B05EA18581F9}.Release|Any CPU.Build.0 = Release|Any CPU
		{5A0BF4D6-163B-4EB5-9910-63D734D497C4}.Debug|Any CPU.ActiveCfg = Debug|Any CPU
		{5A0BF4D6-163B-4EB5-9910-63D734D497C4}.Debug|Any CPU.Build.0 = Debug|Any CPU
		{5A0BF4D6-163B-4EB5-9910-63D734D497C4}.Release|Any CPU.ActiveCfg = Release|Any CPU
		{5A0BF4D6-163B-4EB5-9910-63D734D497C4}.Release|Any CPU.Build.0 = Release|Any CPU
		{C9627848-3BBA-4726-B38E-08CB410650D9}.Debug|Any CPU.ActiveCfg = Debug|Any CPU
		{C9627848-3BBA-4726-B38E-08CB410650D9}.Debug|Any CPU.Build.0 = Debug|Any CPU
		{C9627848-3BBA-4726-B38E-08CB410650D9}.Release|Any CPU.ActiveCfg = Release|Any CPU
		{C9627848-3BBA-4726-B38E-08CB410650D9}.Release|Any CPU.Build.0 = Release|Any CPU
		{E38293D2-20FE-4017-968B-2760AC2C2BDA}.Debug|Any CPU.ActiveCfg = Debug|Any CPU
		{E38293D2-20FE-4017-968B-2760AC2C2BDA}.Debug|Any CPU.Build.0 = Debug|Any CPU
		{E38293D2-20FE-4017-968B-2760AC2C2BDA}.Release|Any CPU.ActiveCfg = Release|Any CPU
		{E38293D2-20FE-4017-968B-2760AC2C2BDA}.Release|Any CPU.Build.0 = Release|Any CPU
	EndGlobalSection
	GlobalSection(SolutionProperties) = preSolution
		HideSolutionNode = FALSE
	EndGlobalSection
	GlobalSection(NestedProjects) = preSolution
		{3E6AF34D-6AF3-4BD0-B7A7-44E28B754419} = {050C0B72-7CBB-43E3-8CE6-BA91DF8E55C2}
		{75AD8706-9D5B-476F-8957-3DA2E2A49DB9} = {050C0B72-7CBB-43E3-8CE6-BA91DF8E55C2}
		{A09B6808-039C-4195-8C4F-E3EF9329A515} = {050C0B72-7CBB-43E3-8CE6-BA91DF8E55C2}
		{3F614C35-1979-401B-97D9-D3ADF728C079} = {5AC7EB15-1C70-4BE0-8AC2-952233514D90}
		{4B81C3D1-A860-4AC1-8193-FECECDDC38BB} = {37C2AF6E-EB75-45A5-A4EA-49C8B586DA5E}
		{5BD9D6C4-5150-47EE-A274-BAEE3DC8A388} = {4B81C3D1-A860-4AC1-8193-FECECDDC38BB}
		{162A201F-4447-443C-B904-B66F9DAC7484} = {37C2AF6E-EB75-45A5-A4EA-49C8B586DA5E}
		{6E3C53B4-6F7F-4CF8-BCB2-21116776ABB9} = {162A201F-4447-443C-B904-B66F9DAC7484}
		{5C6E90F2-7C6E-4C1F-8B26-0153212455DE} = {37C2AF6E-EB75-45A5-A4EA-49C8B586DA5E}
		{39211705-36F9-48BB-A285-8CE4F19AAF88} = {5C6E90F2-7C6E-4C1F-8B26-0153212455DE}
		{98154FD5-75E0-4A14-A70C-084CF18883A4} = {5C6E90F2-7C6E-4C1F-8B26-0153212455DE}
		{8A497FE5-325E-4398-A1D3-341148004E9D} = {5C6E90F2-7C6E-4C1F-8B26-0153212455DE}
		{A5B0D5AE-ACCE-4BF2-B102-6662899BCB3D} = {EF8FB651-24C6-4883-A384-12CC2424E287}
		{79299B64-2338-4784-8FFE-B05EA18581F9} = {EF8FB651-24C6-4883-A384-12CC2424E287}
		{5A0BF4D6-163B-4EB5-9910-63D734D497C4} = {EF8FB651-24C6-4883-A384-12CC2424E287}
		{A2C8E216-6369-4F98-859C-26D9A240EA29} = {EF8FB651-24C6-4883-A384-12CC2424E287}
		{C9627848-3BBA-4726-B38E-08CB410650D9} = {A2C8E216-6369-4F98-859C-26D9A240EA29}
		{E38293D2-20FE-4017-968B-2760AC2C2BDA} = {A2C8E216-6369-4F98-859C-26D9A240EA29}
	EndGlobalSection
	GlobalSection(ExtensibilityGlobals) = postSolution
		SolutionGuid = {E593A800-AB5B-4AF9-A978-AE88E3AAC660}
	EndGlobalSection
EndGlobal
